// !$*UTF8*$!
{
	archiveVersion = 1;
	classes = {
	};
	objectVersion = 77;
	objects = {

/* Begin PBXContainerItemProxy section */
		B89DE06D2E2B75B900D84A33 /* PBXContainerItemProxy */ = {
			isa = PBXContainerItemProxy;
			containerPortal = B89DE0572E2B75B800D84A33 /* Project object */;
			proxyType = 1;
			remoteGlobalIDString = B89DE05E2E2B75B800D84A33;
			remoteInfo = envol;
		};
		B89DE0772E2B75B900D84A33 /* PBXContainerItemProxy */ = {
			isa = PBXContainerItemProxy;
			containerPortal = B89DE0572E2B75B800D84A33 /* Project object */;
			proxyType = 1;
			remoteGlobalIDString = B89DE05E2E2B75B800D84A33;
			remoteInfo = envol;
		};
/* End PBXContainerItemProxy section */

/* Begin PBXFileReference section */
		B89DE05F2E2B75B800D84A33 /* envol.app */ = {isa = PBXFileReference; explicitFileType = wrapper.application; includeInIndex = 0; path = envol.app; sourceTree = BUILT_PRODUCTS_DIR; };
		B89DE06C2E2B75B900D84A33 /* envolTests.xctest */ = {isa = PBXFileReference; explicitFileType = wrapper.cfbundle; includeInIndex = 0; path = envolTests.xctest; sourceTree = BUILT_PRODUCTS_DIR; };
		B89DE0762E2B75B900D84A33 /* envolUITests.xctest */ = {isa = PBXFileReference; explicitFileType = wrapper.cfbundle; includeInIndex = 0; path = envolUITests.xctest; sourceTree = BUILT_PRODUCTS_DIR; };
/* End PBXFileReference section */

/* Begin PBXFileSystemSynchronizedRootGroup section */
		B89DE0612E2B75B800D84A33 /* envol */ = {
			isa = PBXFileSystemSynchronizedRootGroup;
			path = envol;
			sourceTree = "<group>";
		};
		B89DE06F2E2B75B900D84A33 /* envolTests */ = {
			isa = PBXFileSystemSynchronizedRootGroup;
			path = envolTests;
			sourceTree = "<group>";
		};
		B89DE0792E2B75B900D84A33 /* envolUITests */ = {
			isa = PBXFileSystemSynchronizedRootGroup;
			path = envolUITests;
			sourceTree = "<group>";
		};
/* End PBXFileSystemSynchronizedRootGroup section */

/* Begin PBXFrameworksBuildPhase section */
		B89DE05C2E2B75B800D84A33 /* Frameworks */ = {
			isa = PBXFrameworksBuildPhase;
			buildActionMask = 2147483647;
			files = (
			);
			runOnlyForDeploymentPostprocessing = 0;
		};
		B89DE0692E2B75B900D84A33 /* Frameworks */ = {
			isa = PBXFrameworksBuildPhase;
			buildActionMask = 2147483647;
			files = (
			);
			runOnlyForDeploymentPostprocessing = 0;
		};
		B89DE0732E2B75B900D84A33 /* Frameworks */ = {
			isa = PBXFrameworksBuildPhase;
			buildActionMask = 2147483647;
			files = (
			);
			runOnlyForDeploymentPostprocessing = 0;
		};
/* End PBXFrameworksBuildPhase section */

/* Begin PBXGroup section */
		B89DE0562E2B75B800D84A33 = {
			isa = PBXGroup;
			children = (
				B89DE0612E2B75B800D84A33 /* envol */,
				B89DE06F2E2B75B900D84A33 /* envolTests */,
				B89DE0792E2B75B900D84A33 /* envolUITests */,
				B89DE0602E2B75B800D84A33 /* Products */,
			);
			sourceTree = "<group>";
		};
		B89DE0602E2B75B800D84A33 /* Products */ = {
			isa = PBXGroup;
			children = (
				B89DE05F2E2B75B800D84A33 /* envol.app */,
				B89DE06C2E2B75B900D84A33 /* envolTests.xctest */,
				B89DE0762E2B75B900D84A33 /* envolUITests.xctest */,
			);
			name = Products;
			sourceTree = "<group>";
		};
/* End PBXGroup section */

/* Begin PBXNativeTarget section */
		B89DE05E2E2B75B800D84A33 /* envol */ = {
			isa = PBXNativeTarget;
			buildConfigurationList = B89DE0802E2B75B900D84A33 /* Build configuration list for PBXNativeTarget "envol" */;
			buildPhases = (
				B89DE05B2E2B75B800D84A33 /* Sources */,
				B89DE05C2E2B75B800D84A33 /* Frameworks */,
				B89DE05D2E2B75B800D84A33 /* Resources */,
			);
			buildRules = (
			);
			dependencies = (
			);
			fileSystemSynchronizedGroups = (
				B89DE0612E2B75B800D84A33 /* envol */,
			);
			name = envol;
			packageProductDependencies = (
			);
			productName = envol;
			productReference = B89DE05F2E2B75B800D84A33 /* envol.app */;
			productType = "com.apple.product-type.application";
		};
		B89DE06B2E2B75B900D84A33 /* envolTests */ = {
			isa = PBXNativeTarget;
			buildConfigurationList = B89DE0832E2B75B900D84A33 /* Build configuration list for PBXNativeTarget "envolTests" */;
			buildPhases = (
				B89DE0682E2B75B900D84A33 /* Sources */,
				B89DE0692E2B75B900D84A33 /* Frameworks */,
				B89DE06A2E2B75B900D84A33 /* Resources */,
			);
			buildRules = (
			);
			dependencies = (
				B89DE06E2E2B75B900D84A33 /* PBXTargetDependency */,
			);
			fileSystemSynchronizedGroups = (
				B89DE06F2E2B75B900D84A33 /* envolTests */,
			);
			name = envolTests;
			packageProductDependencies = (
			);
			productName = envolTests;
			productReference = B89DE06C2E2B75B900D84A33 /* envolTests.xctest */;
			productType = "com.apple.product-type.bundle.unit-test";
		};
		B89DE0752E2B75B900D84A33 /* envolUITests */ = {
			isa = PBXNativeTarget;
			buildConfigurationList = B89DE0862E2B75B900D84A33 /* Build configuration list for PBXNativeTarget "envolUITests" */;
			buildPhases = (
				B89DE0722E2B75B900D84A33 /* Sources */,
				B89DE0732E2B75B900D84A33 /* Frameworks */,
				B89DE0742E2B75B900D84A33 /* Resources */,
			);
			buildRules = (
			);
			dependencies = (
				B89DE0782E2B75B900D84A33 /* PBXTargetDependency */,
			);
			fileSystemSynchronizedGroups = (
				B89DE0792E2B75B900D84A33 /* envolUITests */,
			);
			name = envolUITests;
			packageProductDependencies = (
			);
			productName = envolUITests;
			productReference = B89DE0762E2B75B900D84A33 /* envolUITests.xctest */;
			productType = "com.apple.product-type.bundle.ui-testing";
		};
/* End PBXNativeTarget section */

/* Begin PBXProject section */
		B89DE0572E2B75B800D84A33 /* Project object */ = {
			isa = PBXProject;
			attributes = {
				BuildIndependentTargetsInParallel = 1;
				LastSwiftUpdateCheck = 1640;
				LastUpgradeCheck = 1640;
				TargetAttributes = {
					B89DE05E2E2B75B800D84A33 = {
						CreatedOnToolsVersion = 16.4;
					};
					B89DE06B2E2B75B900D84A33 = {
						CreatedOnToolsVersion = 16.4;
						TestTargetID = B89DE05E2E2B75B800D84A33;
					};
					B89DE0752E2B75B900D84A33 = {
						CreatedOnToolsVersion = 16.4;
						TestTargetID = B89DE05E2E2B75B800D84A33;
					};
				};
			};
			buildConfigurationList = B89DE05A2E2B75B800D84A33 /* Build configuration list for PBXProject "envol" */;
			developmentRegion = en;
			hasScannedForEncodings = 0;
			knownRegions = (
				en,
				Base,
			);
			mainGroup = B89DE0562E2B75B800D84A33;
			minimizedProjectReferenceProxies = 1;
			preferredProjectObjectVersion = 77;
			productRefGroup = B89DE0602E2B75B800D84A33 /* Products */;
			projectDirPath = "";
			projectRoot = "";
			targets = (
				B89DE05E2E2B75B800D84A33 /* envol */,
				B89DE06B2E2B75B900D84A33 /* envolTests */,
				B89DE0752E2B75B900D84A33 /* envolUITests */,
			);
		};
/* End PBXProject section */

/* Begin PBXResourcesBuildPhase section */
		B89DE05D2E2B75B800D84A33 /* Resources */ = {
			isa = PBXResourcesBuildPhase;
			buildActionMask = 2147483647;
			files = (
			);
			runOnlyForDeploymentPostprocessing = 0;
		};
		B89DE06A2E2B75B900D84A33 /* Resources */ = {
			isa = PBXResourcesBuildPhase;
			buildActionMask = 2147483647;
			files = (
			);
			runOnlyForDeploymentPostprocessing = 0;
		};
		B89DE0742E2B75B900D84A33 /* Resources */ = {
			isa = PBXResourcesBuildPhase;
			buildActionMask = 2147483647;
			files = (
			);
			runOnlyForDeploymentPostprocessing = 0;
		};
/* End PBXResourcesBuildPhase section */

/* Begin PBXSourcesBuildPhase section */
		B89DE05B2E2B75B800D84A33 /* Sources */ = {
			isa = PBXSourcesBuildPhase;
			buildActionMask = 2147483647;
			files = (
			);
			runOnlyForDeploymentPostprocessing = 0;
		};
		B89DE0682E2B75B900D84A33 /* Sources */ = {
			isa = PBXSourcesBuildPhase;
			buildActionMask = 2147483647;
			files = (
			);
			runOnlyForDeploymentPostprocessing = 0;
		};
		B89DE0722E2B75B900D84A33 /* Sources */ = {
			isa = PBXSourcesBuildPhase;
			buildActionMask = 2147483647;
			files = (
			);
			runOnlyForDeploymentPostprocessing = 0;
		};
/* End PBXSourcesBuildPhase section */

/* Begin PBXTargetDependency section */
		B89DE06E2E2B75B900D84A33 /* PBXTargetDependency */ = {
			isa = PBXTargetDependency;
			target = B89DE05E2E2B75B800D84A33 /* envol */;
			targetProxy = B89DE06D2E2B75B900D84A33 /* PBXContainerItemProxy */;
		};
		B89DE0782E2B75B900D84A33 /* PBXTargetDependency */ = {
			isa = PBXTargetDependency;
			target = B89DE05E2E2B75B800D84A33 /* envol */;
			targetProxy = B89DE0772E2B75B900D84A33 /* PBXContainerItemProxy */;
		};
/* End PBXTargetDependency section */

/* Begin XCBuildConfiguration section */
		B89DE07E2E2B75B900D84A33 /* Debug */ = {
			isa = XCBuildConfiguration;
			buildSettings = {
				ALWAYS_SEARCH_USER_PATHS = NO;
				ASSETCATALOG_COMPILER_GENERATE_SWIFT_ASSET_SYMBOL_EXTENSIONS = YES;
				CLANG_ANALYZER_NONNULL = YES;
				CLANG_ANALYZER_NUMBER_OBJECT_CONVERSION = YES_AGGRESSIVE;
				CLANG_CXX_LANGUAGE_STANDARD = "gnu++20";
				CLANG_ENABLE_MODULES = YES;
				CLANG_ENABLE_OBJC_ARC = YES;
				CLANG_ENABLE_OBJC_WEAK = YES;
				CLANG_WARN_BLOCK_CAPTURE_AUTORELEASING = YES;
				CLANG_WARN_BOOL_CONVERSION = YES;
				CLANG_WARN_COMMA = YES;
				CLANG_WARN_CONSTANT_CONVERSION = YES;
				CLANG_WARN_DEPRECATED_OBJC_IMPLEMENTATIONS = YES;
				CLANG_WARN_DIRECT_OBJC_ISA_USAGE = YES_ERROR;
				CLANG_WARN_DOCUMENTATION_COMMENTS = YES;
				CLANG_WARN_EMPTY_BODY = YES;
				CLANG_WARN_ENUM_CONVERSION = YES;
				CLANG_WARN_INFINITE_RECURSION = YES;
				CLANG_WARN_INT_CONVERSION = YES;
				CLANG_WARN_NON_LITERAL_NULL_CONVERSION = YES;
				CLANG_WARN_OBJC_IMPLICIT_RETAIN_SELF = YES;
				CLANG_WARN_OBJC_LITERAL_CONVERSION = YES;
				CLANG_WARN_OBJC_ROOT_CLASS = YES_ERROR;
				CLANG_WARN_QUOTED_INCLUDE_IN_FRAMEWORK_HEADER = YES;
				CLANG_WARN_RANGE_LOOP_ANALYSIS = YES;
				CLANG_WARN_STRICT_PROTOTYPES = YES;
				CLANG_WARN_SUSPICIOUS_MOVE = YES;
				CLANG_WARN_UNGUARDED_AVAILABILITY = YES_AGGRESSIVE;
				CLANG_WARN_UNREACHABLE_CODE = YES;
				CLANG_WARN__DUPLICATE_METHOD_MATCH = YES;
				COPY_PHASE_STRIP = NO;
				DEBUG_INFORMATION_FORMAT = dwarf;
				DEVELOPMENT_TEAM = BUKYCFMPL2;
				ENABLE_STRICT_OBJC_MSGSEND = YES;
				ENABLE_TESTABILITY = YES;
				ENABLE_USER_SCRIPT_SANDBOXING = YES;
				GCC_C_LANGUAGE_STANDARD = gnu17;
				GCC_DYNAMIC_NO_PIC = NO;
				GCC_NO_COMMON_BLOCKS = YES;
				GCC_OPTIMIZATION_LEVEL = 0;
				GCC_PREPROCESSOR_DEFINITIONS = (
					"DEBUG=1",
					"$(inherited)",
				);
				GCC_WARN_64_TO_32_BIT_CONVERSION = YES;
				GCC_WARN_ABOUT_RETURN_TYPE = YES_ERROR;
				GCC_WARN_UNDECLARED_SELECTOR = YES;
				GCC_WARN_UNINITIALIZED_AUTOS = YES_AGGRESSIVE;
				GCC_WARN_UNUSED_FUNCTION = YES;
				GCC_WARN_UNUSED_VARIABLE = YES;
				IPHONEOS_DEPLOYMENT_TARGET = 18.5;
				LOCALIZATION_PREFERS_STRING_CATALOGS = YES;
				MTL_ENABLE_DEBUG_INFO = INCLUDE_SOURCE;
				MTL_FAST_MATH = YES;
				ONLY_ACTIVE_ARCH = YES;
				SDKROOT = iphoneos;
				SWIFT_ACTIVE_COMPILATION_CONDITIONS = "DEBUG $(inherited)";
				SWIFT_OPTIMIZATION_LEVEL = "-Onone";
			};
			name = Debug;
		};
		B89DE07F2E2B75B900D84A33 /* Release */ = {
			isa = XCBuildConfiguration;
			buildSettings = {
				ALWAYS_SEARCH_USER_PATHS = NO;
				ASSETCATALOG_COMPILER_GENERATE_SWIFT_ASSET_SYMBOL_EXTENSIONS = YES;
				CLANG_ANALYZER_NONNULL = YES;
				CLANG_ANALYZER_NUMBER_OBJECT_CONVERSION = YES_AGGRESSIVE;
				CLANG_CXX_LANGUAGE_STANDARD = "gnu++20";
				CLANG_ENABLE_MODULES = YES;
				CLANG_ENABLE_OBJC_ARC = YES;
				CLANG_ENABLE_OBJC_WEAK = YES;
				CLANG_WARN_BLOCK_CAPTURE_AUTORELEASING = YES;
				CLANG_WARN_BOOL_CONVERSION = YES;
				CLANG_WARN_COMMA = YES;
				CLANG_WARN_CONSTANT_CONVERSION = YES;
				CLANG_WARN_DEPRECATED_OBJC_IMPLEMENTATIONS = YES;
				CLANG_WARN_DIRECT_OBJC_ISA_USAGE = YES_ERROR;
				CLANG_WARN_DOCUMENTATION_COMMENTS = YES;
				CLANG_WARN_EMPTY_BODY = YES;
				CLANG_WARN_ENUM_CONVERSION = YES;
				CLANG_WARN_INFINITE_RECURSION = YES;
				CLANG_WARN_INT_CONVERSION = YES;
				CLANG_WARN_NON_LITERAL_NULL_CONVERSION = YES;
				CLANG_WARN_OBJC_IMPLICIT_RETAIN_SELF = YES;
				CLANG_WARN_OBJC_LITERAL_CONVERSION = YES;
				CLANG_WARN_OBJC_ROOT_CLASS = YES_ERROR;
				CLANG_WARN_QUOTED_INCLUDE_IN_FRAMEWORK_HEADER = YES;
				CLANG_WARN_RANGE_LOOP_ANALYSIS = YES;
				CLANG_WARN_STRICT_PROTOTYPES = YES;
				CLANG_WARN_SUSPICIOUS_MOVE = YES;
				CLANG_WARN_UNGUARDED_AVAILABILITY = YES_AGGRESSIVE;
				CLANG_WARN_UNREACHABLE_CODE = YES;
				CLANG_WARN__DUPLICATE_METHOD_MATCH = YES;
				COPY_PHASE_STRIP = NO;
				DEBUG_INFORMATION_FORMAT = "dwarf-with-dsym";
				DEVELOPMENT_TEAM = BUKYCFMPL2;
				ENABLE_NS_ASSERTIONS = NO;
				ENABLE_STRICT_OBJC_MSGSEND = YES;
				ENABLE_USER_SCRIPT_SANDBOXING = YES;
				GCC_C_LANGUAGE_STANDARD = gnu17;
				GCC_NO_COMMON_BLOCKS = YES;
				GCC_WARN_64_TO_32_BIT_CONVERSION = YES;
				GCC_WARN_ABOUT_RETURN_TYPE = YES_ERROR;
				GCC_WARN_UNDECLARED_SELECTOR = YES;
				GCC_WARN_UNINITIALIZED_AUTOS = YES_AGGRESSIVE;
				GCC_WARN_UNUSED_FUNCTION = YES;
				GCC_WARN_UNUSED_VARIABLE = YES;
				IPHONEOS_DEPLOYMENT_TARGET = 18.5;
				LOCALIZATION_PREFERS_STRING_CATALOGS = YES;
				MTL_ENABLE_DEBUG_INFO = NO;
				MTL_FAST_MATH = YES;
				SDKROOT = iphoneos;
				SWIFT_COMPILATION_MODE = wholemodule;
				VALIDATE_PRODUCT = YES;
			};
			name = Release;
		};
		B89DE0812E2B75B900D84A33 /* Debug */ = {
			isa = XCBuildConfiguration;
			buildSettings = {
				ASSETCATALOG_COMPILER_APPICON_NAME = AppIcon;
				ASSETCATALOG_COMPILER_GLOBAL_ACCENT_COLOR_NAME = AccentColor;
				CODE_SIGN_STYLE = Automatic;
				CURRENT_PROJECT_VERSION = 1;
				DEVELOPMENT_TEAM = BUKYCFMPL2;
				ENABLE_PREVIEWS = YES;
				GENERATE_INFOPLIST_FILE = YES;
				INFOPLIST_KEY_UIApplicationSceneManifest_Generation = YES;
				INFOPLIST_KEY_UIApplicationSupportsIndirectInputEvents = YES;
				INFOPLIST_KEY_UILaunchScreen_Generation = YES;
				INFOPLIST_KEY_UISupportedInterfaceOrientations_iPad = "UIInterfaceOrientationPortrait UIInterfaceOrientationPortraitUpsideDown UIInterfaceOrientationLandscapeLeft UIInterfaceOrientationLandscapeRight";
				INFOPLIST_KEY_UISupportedInterfaceOrientations_iPhone = "UIInterfaceOrientationPortrait UIInterfaceOrientationLandscapeLeft UIInterfaceOrientationLandscapeRight";
				LD_RUNPATH_SEARCH_PATHS = (
					"$(inherited)",
					"@executable_path/Frameworks",
				);
				MARKETING_VERSION = 1.0;
				PRODUCT_BUNDLE_IDENTIFIER = dev.envol;
				PRODUCT_NAME = "$(TARGET_NAME)";
				SWIFT_EMIT_LOC_STRINGS = YES;
				SWIFT_VERSION = 5.0;
				TARGETED_DEVICE_FAMILY = "1,2";
			};
			name = Debug;
		};
		B89DE0822E2B75B900D84A33 /* Release */ = {
			isa = XCBuildConfiguration;
			buildSettings = {
				ASSETCATALOG_COMPILER_APPICON_NAME = AppIcon;
				ASSETCATALOG_COMPILER_GLOBAL_ACCENT_COLOR_NAME = AccentColor;
				CODE_SIGN_STYLE = Automatic;
				CURRENT_PROJECT_VERSION = 1;
				DEVELOPMENT_TEAM = BUKYCFMPL2;
				ENABLE_PREVIEWS = YES;
				GENERATE_INFOPLIST_FILE = YES;
				INFOPLIST_KEY_UIApplicationSceneManifest_Generation = YES;
				INFOPLIST_KEY_UIApplicationSupportsIndirectInputEvents = YES;
				INFOPLIST_KEY_UILaunchScreen_Generation = YES;
				INFOPLIST_KEY_UISupportedInterfaceOrientations_iPad = "UIInterfaceOrientationPortrait UIInterfaceOrientationPortraitUpsideDown UIInterfaceOrientationLandscapeLeft UIInterfaceOrientationLandscapeRight";
				INFOPLIST_KEY_UISupportedInterfaceOrientations_iPhone = "UIInterfaceOrientationPortrait UIInterfaceOrientationLandscapeLeft UIInterfaceOrientationLandscapeRight";
				LD_RUNPATH_SEARCH_PATHS = (
					"$(inherited)",
					"@executable_path/Frameworks",
				);
				MARKETING_VERSION = 1.0;
				PRODUCT_BUNDLE_IDENTIFIER = dev.envol;
				PRODUCT_NAME = "$(TARGET_NAME)";
				SWIFT_EMIT_LOC_STRINGS = YES;
				SWIFT_VERSION = 5.0;
				TARGETED_DEVICE_FAMILY = "1,2";
			};
			name = Release;
		};
		B89DE0842E2B75B900D84A33 /* Debug */ = {
			isa = XCBuildConfiguration;
			buildSettings = {
				BUNDLE_LOADER = "$(TEST_HOST)";
				CODE_SIGN_STYLE = Automatic;
				CURRENT_PROJECT_VERSION = 1;
				DEVELOPMENT_TEAM = BUKYCFMPL2;
				GENERATE_INFOPLIST_FILE = YES;
				IPHONEOS_DEPLOYMENT_TARGET = 18.5;
				MARKETING_VERSION = 1.0;
				PRODUCT_BUNDLE_IDENTIFIER = dev.envolTests;
				PRODUCT_NAME = "$(TARGET_NAME)";
				SWIFT_EMIT_LOC_STRINGS = NO;
				SWIFT_VERSION = 5.0;
				TARGETED_DEVICE_FAMILY = "1,2";
				TEST_HOST = "$(BUILT_PRODUCTS_DIR)/envol.app/$(BUNDLE_EXECUTABLE_FOLDER_PATH)/envol";
			};
			name = Debug;
		};
		B89DE0852E2B75B900D84A33 /* Release */ = {
			isa = XCBuildConfiguration;
			buildSettings = {
				BUNDLE_LOADER = "$(TEST_HOST)";
				CODE_SIGN_STYLE = Automatic;
				CURRENT_PROJECT_VERSION = 1;
				DEVELOPMENT_TEAM = BUKYCFMPL2;
				GENERATE_INFOPLIST_FILE = YES;
				IPHONEOS_DEPLOYMENT_TARGET = 18.5;
				MARKETING_VERSION = 1.0;
				PRODUCT_BUNDLE_IDENTIFIER = dev.envolTests;
				PRODUCT_NAME = "$(TARGET_NAME)";
				SWIFT_EMIT_LOC_STRINGS = NO;
				SWIFT_VERSION = 5.0;
				TARGETED_DEVICE_FAMILY = "1,2";
				TEST_HOST = "$(BUILT_PRODUCTS_DIR)/envol.app/$(BUNDLE_EXECUTABLE_FOLDER_PATH)/envol";
			};
			name = Release;
		};
		B89DE0872E2B75B900D84A33 /* Debug */ = {
			isa = XCBuildConfiguration;
			buildSettings = {
				CODE_SIGN_STYLE = Automatic;
				CURRENT_PROJECT_VERSION = 1;
				DEVELOPMENT_TEAM = BUKYCFMPL2;
				GENERATE_INFOPLIST_FILE = YES;
				MARKETING_VERSION = 1.0;
				PRODUCT_BUNDLE_IDENTIFIER = dev.envolUITests;
				PRODUCT_NAME = "$(TARGET_NAME)";
				SWIFT_EMIT_LOC_STRINGS = NO;
				SWIFT_VERSION = 5.0;
				TARGETED_DEVICE_FAMILY = "1,2";
				TEST_TARGET_NAME = envol;
			};
			name = Debug;
		};
		B89DE0882E2B75B900D84A33 /* Release */ = {
			isa = XCBuildConfiguration;
			buildSettings = {
				CODE_SIGN_STYLE = Automatic;
				CURRENT_PROJECT_VERSION = 1;
				DEVELOPMENT_TEAM = BUKYCFMPL2;
				GENERATE_INFOPLIST_FILE = YES;
				MARKETING_VERSION = 1.0;
				PRODUCT_BUNDLE_IDENTIFIER = dev.envolUITests;
				PRODUCT_NAME = "$(TARGET_NAME)";
				SWIFT_EMIT_LOC_STRINGS = NO;
				SWIFT_VERSION = 5.0;
				TARGETED_DEVICE_FAMILY = "1,2";
				TEST_TARGET_NAME = envol;
			};
			name = Release;
		};
/* End XCBuildConfiguration section */

/* Begin XCConfigurationList section */
		B89DE05A2E2B75B800D84A33 /* Build configuration list for PBXProject "envol" */ = {
			isa = XCConfigurationList;
			buildConfigurations = (
				B89DE07E2E2B75B900D84A33 /* Debug */,
				B89DE07F2E2B75B900D84A33 /* Release */,
			);
			defaultConfigurationIsVisible = 0;
			defaultConfigurationName = Release;
		};
		B89DE0802E2B75B900D84A33 /* Build configuration list for PBXNativeTarget "envol" */ = {
			isa = XCConfigurationList;
			buildConfigurations = (
				B89DE0812E2B75B900D84A33 /* Debug */,
				B89DE0822E2B75B900D84A33 /* Release */,
			);
			defaultConfigurationIsVisible = 0;
			defaultConfigurationName = Release;
		};
		B89DE0832E2B75B900D84A33 /* Build configuration list for PBXNativeTarget "envolTests" */ = {
			isa = XCConfigurationList;
			buildConfigurations = (
				B89DE0842E2B75B900D84A33 /* Debug */,
				B89DE0852E2B75B900D84A33 /* Release */,
			);
			defaultConfigurationIsVisible = 0;
			defaultConfigurationName = Release;
		};
		B89DE0862E2B75B900D84A33 /* Build configuration list for PBXNativeTarget "envolUITests" */ = {
			isa = XCConfigurationList;
			buildConfigurations = (
				B89DE0872E2B75B900D84A33 /* Debug */,
				B89DE0882E2B75B900D84A33 /* Release */,
			);
			defaultConfigurationIsVisible = 0;
			defaultConfigurationName = Release;
		};
/* End XCConfigurationList section */
	};
	rootObject = B89DE0572E2B75B800D84A33 /* Project object */;
}
